// !$*UTF8*$!
{
	archiveVersion = 1;
	classes = {
	};
	objectVersion = 50;
	objects = {

/* Begin PBXBuildFile section */
		0F394BC622A61E6D002B1BA4 /* uBlock_Origin.entitlements in Resources */ = {isa = PBXBuildFile; fileRef = 0F394BC522A61E6D002B1BA4 /* uBlock_Origin.entitlements */; };
		0F394BC822A61E6D002B1BA4 /* AppDelegate.swift in Sources */ = {isa = PBXBuildFile; fileRef = 0F394BC722A61E6D002B1BA4 /* AppDelegate.swift */; };
		0F394BCB22A61E6D002B1BA4 /* Main.storyboard in Resources */ = {isa = PBXBuildFile; fileRef = 0F394BC922A61E6D002B1BA4 /* Main.storyboard */; };
		0F394BCD22A61E6D002B1BA4 /* ViewController.swift in Sources */ = {isa = PBXBuildFile; fileRef = 0F394BCC22A61E6D002B1BA4 /* ViewController.swift */; };
		0F394BCF22A61E6E002B1BA4 /* Assets.xcassets in Resources */ = {isa = PBXBuildFile; fileRef = 0F394BCE22A61E6E002B1BA4 /* Assets.xcassets */; };
		0F394BD622A61E6F002B1BA4 /* uBlock Origin Extension.appex in Embed App Extensions */ = {isa = PBXBuildFile; fileRef = 0F394BD522A61E6F002B1BA4 /* uBlock Origin Extension.appex */; settings = {ATTRIBUTES = (RemoveHeadersOnCopy, ); }; };
		0F394BDB22A61E6F002B1BA4 /* Cocoa.framework in Frameworks */ = {isa = PBXBuildFile; fileRef = 0F394BDA22A61E6F002B1BA4 /* Cocoa.framework */; };
		0F394BDE22A61E6F002B1BA4 /* SafariExtensionHandler.swift in Sources */ = {isa = PBXBuildFile; fileRef = 0F394BDD22A61E6F002B1BA4 /* SafariExtensionHandler.swift */; };
		0F394BE022A61E6F002B1BA4 /* SafariExtensionViewController.swift in Sources */ = {isa = PBXBuildFile; fileRef = 0F394BDF22A61E6F002B1BA4 /* SafariExtensionViewController.swift */; };
		0F394BE322A61E6F002B1BA4 /* SafariExtensionViewController.xib in Resources */ = {isa = PBXBuildFile; fileRef = 0F394BE122A61E6F002B1BA4 /* SafariExtensionViewController.xib */; };
		0F394BE622A61E6F002B1BA4 /* script.js in Resources */ = {isa = PBXBuildFile; fileRef = 0F394BE522A61E6F002B1BA4 /* script.js */; };
		0F394BE822A61E6F002B1BA4 /* ToolbarItemIcon.pdf in Resources */ = {isa = PBXBuildFile; fileRef = 0F394BE722A61E6F002B1BA4 /* ToolbarItemIcon.pdf */; };
/* End PBXBuildFile section */

/* Begin PBXContainerItemProxy section */
		0F394BD722A61E6F002B1BA4 /* PBXContainerItemProxy */ = {
			isa = PBXContainerItemProxy;
			containerPortal = 0F394BBA22A61E6D002B1BA4 /* Project object */;
			proxyType = 1;
			remoteGlobalIDString = 0F394BD422A61E6F002B1BA4;
			remoteInfo = "uBlock Origin Extension";
		};
/* End PBXContainerItemProxy section */

/* Begin PBXCopyFilesBuildPhase section */
		0F394BEF22A61E6F002B1BA4 /* Embed App Extensions */ = {
			isa = PBXCopyFilesBuildPhase;
			buildActionMask = 2147483647;
			dstPath = "";
			dstSubfolderSpec = 13;
			files = (
				0F394BD622A61E6F002B1BA4 /* uBlock Origin Extension.appex in Embed App Extensions */,
			);
			name = "Embed App Extensions";
			runOnlyForDeploymentPostprocessing = 0;
		};
/* End PBXCopyFilesBuildPhase section */

/* Begin PBXFileReference section */
		0F394BC222A61E6D002B1BA4 /* uBlock Origin.app */ = {isa = PBXFileReference; explicitFileType = wrapper.application; includeInIndex = 0; path = "uBlock Origin.app"; sourceTree = BUILT_PRODUCTS_DIR; };
		0F394BC522A61E6D002B1BA4 /* uBlock_Origin.entitlements */ = {isa = PBXFileReference; lastKnownFileType = text.plist.entitlements; path = uBlock_Origin.entitlements; sourceTree = "<group>"; };
		0F394BC722A61E6D002B1BA4 /* AppDelegate.swift */ = {isa = PBXFileReference; lastKnownFileType = sourcecode.swift; path = AppDelegate.swift; sourceTree = "<group>"; };
		0F394BCA22A61E6D002B1BA4 /* Base */ = {isa = PBXFileReference; lastKnownFileType = file.storyboard; name = Base; path = Base.lproj/Main.storyboard; sourceTree = "<group>"; };
		0F394BCC22A61E6D002B1BA4 /* ViewController.swift */ = {isa = PBXFileReference; lastKnownFileType = sourcecode.swift; path = ViewController.swift; sourceTree = "<group>"; };
		0F394BCE22A61E6E002B1BA4 /* Assets.xcassets */ = {isa = PBXFileReference; lastKnownFileType = folder.assetcatalog; path = Assets.xcassets; sourceTree = "<group>"; };
		0F394BD022A61E6E002B1BA4 /* Info.plist */ = {isa = PBXFileReference; lastKnownFileType = text.plist.xml; path = Info.plist; sourceTree = "<group>"; };
		0F394BD522A61E6F002B1BA4 /* uBlock Origin Extension.appex */ = {isa = PBXFileReference; explicitFileType = "wrapper.app-extension"; includeInIndex = 0; path = "uBlock Origin Extension.appex"; sourceTree = BUILT_PRODUCTS_DIR; };
		0F394BDA22A61E6F002B1BA4 /* Cocoa.framework */ = {isa = PBXFileReference; lastKnownFileType = wrapper.framework; name = Cocoa.framework; path = System/Library/Frameworks/Cocoa.framework; sourceTree = SDKROOT; };
		0F394BDD22A61E6F002B1BA4 /* SafariExtensionHandler.swift */ = {isa = PBXFileReference; lastKnownFileType = sourcecode.swift; path = SafariExtensionHandler.swift; sourceTree = "<group>"; };
		0F394BDF22A61E6F002B1BA4 /* SafariExtensionViewController.swift */ = {isa = PBXFileReference; lastKnownFileType = sourcecode.swift; path = SafariExtensionViewController.swift; sourceTree = "<group>"; };
		0F394BE222A61E6F002B1BA4 /* Base */ = {isa = PBXFileReference; lastKnownFileType = file.xib; name = Base; path = Base.lproj/SafariExtensionViewController.xib; sourceTree = "<group>"; };
		0F394BE422A61E6F002B1BA4 /* Info.plist */ = {isa = PBXFileReference; lastKnownFileType = text.plist.xml; path = Info.plist; sourceTree = "<group>"; };
		0F394BE522A61E6F002B1BA4 /* script.js */ = {isa = PBXFileReference; lastKnownFileType = sourcecode.javascript; path = script.js; sourceTree = "<group>"; };
		0F394BE722A61E6F002B1BA4 /* ToolbarItemIcon.pdf */ = {isa = PBXFileReference; lastKnownFileType = image.pdf; path = ToolbarItemIcon.pdf; sourceTree = "<group>"; };
		0F394BE922A61E6F002B1BA4 /* uBlock_Origin_Extension.entitlements */ = {isa = PBXFileReference; lastKnownFileType = text.plist.entitlements; path = uBlock_Origin_Extension.entitlements; sourceTree = "<group>"; };
/* End PBXFileReference section */

/* Begin PBXFrameworksBuildPhase section */
		0F394BBF22A61E6D002B1BA4 /* Frameworks */ = {
			isa = PBXFrameworksBuildPhase;
			buildActionMask = 2147483647;
			files = (
			);
			runOnlyForDeploymentPostprocessing = 0;
		};
		0F394BD222A61E6F002B1BA4 /* Frameworks */ = {
			isa = PBXFrameworksBuildPhase;
			buildActionMask = 2147483647;
			files = (
				0F394BDB22A61E6F002B1BA4 /* Cocoa.framework in Frameworks */,
			);
			runOnlyForDeploymentPostprocessing = 0;
		};
/* End PBXFrameworksBuildPhase section */

/* Begin PBXGroup section */
		0F394BB922A61E6D002B1BA4 = {
			isa = PBXGroup;
			children = (
				0F394BC422A61E6D002B1BA4 /* uBlock Origin */,
				0F394BDC22A61E6F002B1BA4 /* uBlock Origin Extension */,
				0F394BD922A61E6F002B1BA4 /* Frameworks */,
				0F394BC322A61E6D002B1BA4 /* Products */,
			);
			sourceTree = "<group>";
		};
		0F394BC322A61E6D002B1BA4 /* Products */ = {
			isa = PBXGroup;
			children = (
				0F394BC222A61E6D002B1BA4 /* uBlock Origin.app */,
				0F394BD522A61E6F002B1BA4 /* uBlock Origin Extension.appex */,
			);
			name = Products;
			sourceTree = "<group>";
		};
		0F394BC422A61E6D002B1BA4 /* uBlock Origin */ = {
			isa = PBXGroup;
			children = (
				0F394BC522A61E6D002B1BA4 /* uBlock_Origin.entitlements */,
				0F394BC722A61E6D002B1BA4 /* AppDelegate.swift */,
				0F394BC922A61E6D002B1BA4 /* Main.storyboard */,
				0F394BCC22A61E6D002B1BA4 /* ViewController.swift */,
				0F394BCE22A61E6E002B1BA4 /* Assets.xcassets */,
				0F394BD022A61E6E002B1BA4 /* Info.plist */,
			);
			path = "uBlock Origin";
			sourceTree = "<group>";
		};
		0F394BD922A61E6F002B1BA4 /* Frameworks */ = {
			isa = PBXGroup;
			children = (
				0F394BDA22A61E6F002B1BA4 /* Cocoa.framework */,
			);
			name = Frameworks;
			sourceTree = "<group>";
		};
		0F394BDC22A61E6F002B1BA4 /* uBlock Origin Extension */ = {
			isa = PBXGroup;
			children = (
				0F394BDD22A61E6F002B1BA4 /* SafariExtensionHandler.swift */,
				0F394BDF22A61E6F002B1BA4 /* SafariExtensionViewController.swift */,
				0F394BE122A61E6F002B1BA4 /* SafariExtensionViewController.xib */,
				0F394BE422A61E6F002B1BA4 /* Info.plist */,
				0F394BE522A61E6F002B1BA4 /* script.js */,
				0F394BE722A61E6F002B1BA4 /* ToolbarItemIcon.pdf */,
				0F394BE922A61E6F002B1BA4 /* uBlock_Origin_Extension.entitlements */,
			);
			path = "uBlock Origin Extension";
			sourceTree = "<group>";
		};
/* End PBXGroup section */

/* Begin PBXNativeTarget section */
		0F394BC122A61E6D002B1BA4 /* uBlock Origin */ = {
			isa = PBXNativeTarget;
			buildConfigurationList = 0F394BF022A61E6F002B1BA4 /* Build configuration list for PBXNativeTarget "uBlock Origin" */;
			buildPhases = (
				0F394BBE22A61E6D002B1BA4 /* Sources */,
				0F394BBF22A61E6D002B1BA4 /* Frameworks */,
				0F394BC022A61E6D002B1BA4 /* Resources */,
				0F394BEF22A61E6F002B1BA4 /* Embed App Extensions */,
			);
			buildRules = (
			);
			dependencies = (
				0F394BD822A61E6F002B1BA4 /* PBXTargetDependency */,
			);
			name = "uBlock Origin";
			productName = "uBlock Origin";
			productReference = 0F394BC222A61E6D002B1BA4 /* uBlock Origin.app */;
			productType = "com.apple.product-type.application";
		};
		0F394BD422A61E6F002B1BA4 /* uBlock Origin Extension */ = {
			isa = PBXNativeTarget;
			buildConfigurationList = 0F394BEC22A61E6F002B1BA4 /* Build configuration list for PBXNativeTarget "uBlock Origin Extension" */;
			buildPhases = (
				0F394BD122A61E6F002B1BA4 /* Sources */,
				0F394BD222A61E6F002B1BA4 /* Frameworks */,
				0F394BD322A61E6F002B1BA4 /* Resources */,
			);
			buildRules = (
			);
			dependencies = (
			);
			name = "uBlock Origin Extension";
			productName = "uBlock Origin Extension";
			productReference = 0F394BD522A61E6F002B1BA4 /* uBlock Origin Extension.appex */;
			productType = "com.apple.product-type.app-extension";
		};
/* End PBXNativeTarget section */

/* Begin PBXProject section */
		0F394BBA22A61E6D002B1BA4 /* Project object */ = {
			isa = PBXProject;
			attributes = {
				LastSwiftUpdateCheck = 1100;
				LastUpgradeCheck = 1100;
				ORGANIZATIONNAME = "Jasper Swallen";
				TargetAttributes = {
					0F394BC122A61E6D002B1BA4 = {
						CreatedOnToolsVersion = 11.0;
					};
					0F394BD422A61E6F002B1BA4 = {
						CreatedOnToolsVersion = 11.0;
					};
				};
			};
			buildConfigurationList = 0F394BBD22A61E6D002B1BA4 /* Build configuration list for PBXProject "uBlock Origin" */;
			compatibilityVersion = "Xcode 9.3";
			developmentRegion = en;
			hasScannedForEncodings = 0;
			knownRegions = (
				en,
				Base,
			);
			mainGroup = 0F394BB922A61E6D002B1BA4;
			productRefGroup = 0F394BC322A61E6D002B1BA4 /* Products */;
			projectDirPath = "";
			projectRoot = "";
			targets = (
				0F394BC122A61E6D002B1BA4 /* uBlock Origin */,
				0F394BD422A61E6F002B1BA4 /* uBlock Origin Extension */,
			);
		};
/* End PBXProject section */

/* Begin PBXResourcesBuildPhase section */
		0F394BC022A61E6D002B1BA4 /* Resources */ = {
			isa = PBXResourcesBuildPhase;
			buildActionMask = 2147483647;
			files = (
				0F394BC622A61E6D002B1BA4 /* uBlock_Origin.entitlements in Resources */,
				0F394BCF22A61E6E002B1BA4 /* Assets.xcassets in Resources */,
				0F394BCB22A61E6D002B1BA4 /* Main.storyboard in Resources */,
			);
			runOnlyForDeploymentPostprocessing = 0;
		};
		0F394BD322A61E6F002B1BA4 /* Resources */ = {
			isa = PBXResourcesBuildPhase;
			buildActionMask = 2147483647;
			files = (
				0F394BE822A61E6F002B1BA4 /* ToolbarItemIcon.pdf in Resources */,
				0F394BE322A61E6F002B1BA4 /* SafariExtensionViewController.xib in Resources */,
				0F394BE622A61E6F002B1BA4 /* script.js in Resources */,
			);
			runOnlyForDeploymentPostprocessing = 0;
		};
/* End PBXResourcesBuildPhase section */

/* Begin PBXSourcesBuildPhase section */
		0F394BBE22A61E6D002B1BA4 /* Sources */ = {
			isa = PBXSourcesBuildPhase;
			buildActionMask = 2147483647;
			files = (
				0F394BCD22A61E6D002B1BA4 /* ViewController.swift in Sources */,
				0F394BC822A61E6D002B1BA4 /* AppDelegate.swift in Sources */,
			);
			runOnlyForDeploymentPostprocessing = 0;
		};
		0F394BD122A61E6F002B1BA4 /* Sources */ = {
			isa = PBXSourcesBuildPhase;
			buildActionMask = 2147483647;
			files = (
				0F394BE022A61E6F002B1BA4 /* SafariExtensionViewController.swift in Sources */,
				0F394BDE22A61E6F002B1BA4 /* SafariExtensionHandler.swift in Sources */,
			);
			runOnlyForDeploymentPostprocessing = 0;
		};
/* End PBXSourcesBuildPhase section */

/* Begin PBXTargetDependency section */
		0F394BD822A61E6F002B1BA4 /* PBXTargetDependency */ = {
			isa = PBXTargetDependency;
			target = 0F394BD422A61E6F002B1BA4 /* uBlock Origin Extension */;
			targetProxy = 0F394BD722A61E6F002B1BA4 /* PBXContainerItemProxy */;
		};
/* End PBXTargetDependency section */

/* Begin PBXVariantGroup section */
		0F394BC922A61E6D002B1BA4 /* Main.storyboard */ = {
			isa = PBXVariantGroup;
			children = (
				0F394BCA22A61E6D002B1BA4 /* Base */,
			);
			name = Main.storyboard;
			sourceTree = "<group>";
		};
		0F394BE122A61E6F002B1BA4 /* SafariExtensionViewController.xib */ = {
			isa = PBXVariantGroup;
			children = (
				0F394BE222A61E6F002B1BA4 /* Base */,
			);
			name = SafariExtensionViewController.xib;
			sourceTree = "<group>";
		};
/* End PBXVariantGroup section */

/* Begin XCBuildConfiguration section */
		0F394BEA22A61E6F002B1BA4 /* Debug */ = {
			isa = XCBuildConfiguration;
			buildSettings = {
				ALWAYS_SEARCH_USER_PATHS = NO;
				CLANG_ANALYZER_NONNULL = YES;
				CLANG_ANALYZER_NUMBER_OBJECT_CONVERSION = YES_AGGRESSIVE;
				CLANG_CXX_LANGUAGE_STANDARD = "gnu++14";
				CLANG_CXX_LIBRARY = "libc++";
				CLANG_ENABLE_MODULES = YES;
				CLANG_ENABLE_OBJC_ARC = YES;
				CLANG_ENABLE_OBJC_WEAK = YES;
				CLANG_WARN_BLOCK_CAPTURE_AUTORELEASING = YES;
				CLANG_WARN_BOOL_CONVERSION = YES;
				CLANG_WARN_COMMA = YES;
				CLANG_WARN_CONSTANT_CONVERSION = YES;
				CLANG_WARN_DEPRECATED_OBJC_IMPLEMENTATIONS = YES;
				CLANG_WARN_DIRECT_OBJC_ISA_USAGE = YES_ERROR;
				CLANG_WARN_DOCUMENTATION_COMMENTS = YES;
				CLANG_WARN_EMPTY_BODY = YES;
				CLANG_WARN_ENUM_CONVERSION = YES;
				CLANG_WARN_INFINITE_RECURSION = YES;
				CLANG_WARN_INT_CONVERSION = YES;
				CLANG_WARN_NON_LITERAL_NULL_CONVERSION = YES;
				CLANG_WARN_OBJC_IMPLICIT_RETAIN_SELF = YES;
				CLANG_WARN_OBJC_LITERAL_CONVERSION = YES;
				CLANG_WARN_OBJC_ROOT_CLASS = YES_ERROR;
				CLANG_WARN_RANGE_LOOP_ANALYSIS = YES;
				CLANG_WARN_STRICT_PROTOTYPES = YES;
				CLANG_WARN_SUSPICIOUS_MOVE = YES;
				CLANG_WARN_UNGUARDED_AVAILABILITY = YES_AGGRESSIVE;
				CLANG_WARN_UNREACHABLE_CODE = YES;
				CLANG_WARN__DUPLICATE_METHOD_MATCH = YES;
				COPY_PHASE_STRIP = NO;
				DEBUG_INFORMATION_FORMAT = dwarf;
				ENABLE_STRICT_OBJC_MSGSEND = YES;
				ENABLE_TESTABILITY = YES;
				GCC_C_LANGUAGE_STANDARD = gnu11;
				GCC_DYNAMIC_NO_PIC = NO;
				GCC_NO_COMMON_BLOCKS = YES;
				GCC_OPTIMIZATION_LEVEL = 0;
				GCC_PREPROCESSOR_DEFINITIONS = (
					"DEBUG=1",
					"$(inherited)",
				);
				GCC_WARN_64_TO_32_BIT_CONVERSION = YES;
				GCC_WARN_ABOUT_RETURN_TYPE = YES_ERROR;
				GCC_WARN_UNDECLARED_SELECTOR = YES;
				GCC_WARN_UNINITIALIZED_AUTOS = YES_AGGRESSIVE;
				GCC_WARN_UNUSED_FUNCTION = YES;
				GCC_WARN_UNUSED_VARIABLE = YES;
				MACOSX_DEPLOYMENT_TARGET = 10.15;
				MTL_ENABLE_DEBUG_INFO = INCLUDE_SOURCE;
				MTL_FAST_MATH = YES;
				ONLY_ACTIVE_ARCH = YES;
				SDKROOT = macosx;
				SWIFT_ACTIVE_COMPILATION_CONDITIONS = DEBUG;
				SWIFT_OPTIMIZATION_LEVEL = "-Onone";
			};
			name = Debug;
		};
		0F394BEB22A61E6F002B1BA4 /* Release */ = {
			isa = XCBuildConfiguration;
			buildSettings = {
				ALWAYS_SEARCH_USER_PATHS = NO;
				CLANG_ANALYZER_NONNULL = YES;
				CLANG_ANALYZER_NUMBER_OBJECT_CONVERSION = YES_AGGRESSIVE;
				CLANG_CXX_LANGUAGE_STANDARD = "gnu++14";
				CLANG_CXX_LIBRARY = "libc++";
				CLANG_ENABLE_MODULES = YES;
				CLANG_ENABLE_OBJC_ARC = YES;
				CLANG_ENABLE_OBJC_WEAK = YES;
				CLANG_WARN_BLOCK_CAPTURE_AUTORELEASING = YES;
				CLANG_WARN_BOOL_CONVERSION = YES;
				CLANG_WARN_COMMA = YES;
				CLANG_WARN_CONSTANT_CONVERSION = YES;
				CLANG_WARN_DEPRECATED_OBJC_IMPLEMENTATIONS = YES;
				CLANG_WARN_DIRECT_OBJC_ISA_USAGE = YES_ERROR;
				CLANG_WARN_DOCUMENTATION_COMMENTS = YES;
				CLANG_WARN_EMPTY_BODY = YES;
				CLANG_WARN_ENUM_CONVERSION = YES;
				CLANG_WARN_INFINITE_RECURSION = YES;
				CLANG_WARN_INT_CONVERSION = YES;
				CLANG_WARN_NON_LITERAL_NULL_CONVERSION = YES;
				CLANG_WARN_OBJC_IMPLICIT_RETAIN_SELF = YES;
				CLANG_WARN_OBJC_LITERAL_CONVERSION = YES;
				CLANG_WARN_OBJC_ROOT_CLASS = YES_ERROR;
				CLANG_WARN_RANGE_LOOP_ANALYSIS = YES;
				CLANG_WARN_STRICT_PROTOTYPES = YES;
				CLANG_WARN_SUSPICIOUS_MOVE = YES;
				CLANG_WARN_UNGUARDED_AVAILABILITY = YES_AGGRESSIVE;
				CLANG_WARN_UNREACHABLE_CODE = YES;
				CLANG_WARN__DUPLICATE_METHOD_MATCH = YES;
				COPY_PHASE_STRIP = NO;
				DEBUG_INFORMATION_FORMAT = "dwarf-with-dsym";
				ENABLE_NS_ASSERTIONS = NO;
				ENABLE_STRICT_OBJC_MSGSEND = YES;
				GCC_C_LANGUAGE_STANDARD = gnu11;
				GCC_NO_COMMON_BLOCKS = YES;
				GCC_WARN_64_TO_32_BIT_CONVERSION = YES;
				GCC_WARN_ABOUT_RETURN_TYPE = YES_ERROR;
				GCC_WARN_UNDECLARED_SELECTOR = YES;
				GCC_WARN_UNINITIALIZED_AUTOS = YES_AGGRESSIVE;
				GCC_WARN_UNUSED_FUNCTION = YES;
				GCC_WARN_UNUSED_VARIABLE = YES;
				MACOSX_DEPLOYMENT_TARGET = 10.15;
				MTL_ENABLE_DEBUG_INFO = NO;
				MTL_FAST_MATH = YES;
				SDKROOT = macosx;
				SWIFT_COMPILATION_MODE = wholemodule;
				SWIFT_OPTIMIZATION_LEVEL = "-O";
			};
			name = Release;
		};
		0F394BED22A61E6F002B1BA4 /* Debug */ = {
			isa = XCBuildConfiguration;
			buildSettings = {
				CODE_SIGN_ENTITLEMENTS = "uBlock Origin Extension/uBlock_Origin_Extension.entitlements";
				CODE_SIGN_STYLE = Automatic;
				DEVELOPMENT_TEAM = JN3J9W4VNK;
				ENABLE_HARDENED_RUNTIME = YES;
				INFOPLIST_FILE = "uBlock Origin Extension/Info.plist";
				LD_RUNPATH_SEARCH_PATHS = (
					"$(inherited)",
					"@executable_path/../Frameworks",
					"@executable_path/../../../../Frameworks",
				);
				PRODUCT_BUNDLE_IDENTIFIER = "com.jasperswallen.uBlock-Origin-Extension";
				PRODUCT_NAME = "$(TARGET_NAME)";
				SKIP_INSTALL = YES;
				SWIFT_VERSION = 5.0;
			};
			name = Debug;
		};
		0F394BEE22A61E6F002B1BA4 /* Release */ = {
			isa = XCBuildConfiguration;
			buildSettings = {
				CODE_SIGN_ENTITLEMENTS = "uBlock Origin Extension/uBlock_Origin_Extension.entitlements";
				CODE_SIGN_STYLE = Automatic;
				DEVELOPMENT_TEAM = JN3J9W4VNK;
				ENABLE_HARDENED_RUNTIME = YES;
				INFOPLIST_FILE = "uBlock Origin Extension/Info.plist";
				LD_RUNPATH_SEARCH_PATHS = (
					"$(inherited)",
					"@executable_path/../Frameworks",
					"@executable_path/../../../../Frameworks",
				);
				PRODUCT_BUNDLE_IDENTIFIER = "com.jasperswallen.uBlock-Origin-Extension";
				PRODUCT_NAME = "$(TARGET_NAME)";
				SKIP_INSTALL = YES;
				SWIFT_VERSION = 5.0;
			};
			name = Release;
		};
		0F394BF122A61E6F002B1BA4 /* Debug */ = {
			isa = XCBuildConfiguration;
			buildSettings = {
				ALWAYS_EMBED_SWIFT_STANDARD_LIBRARIES = YES;
				ASSETCATALOG_COMPILER_APPICON_NAME = AppIcon;
				CODE_SIGN_ENTITLEMENTS = "uBlock Origin/uBlock_Origin.entitlements";
				CODE_SIGN_STYLE = Automatic;
				COMBINE_HIDPI_IMAGES = YES;
				DEVELOPMENT_TEAM = JN3J9W4VNK;
				ENABLE_HARDENED_RUNTIME = YES;
				INFOPLIST_FILE = "uBlock Origin/Info.plist";
				LD_RUNPATH_SEARCH_PATHS = (
					"$(inherited)",
					"@executable_path/../Frameworks",
				);
				PRODUCT_BUNDLE_IDENTIFIER = "com.jasperswallen.uBlock-Origin";
				PRODUCT_NAME = "$(TARGET_NAME)";
				SWIFT_VERSION = 5.0;
			};
			name = Debug;
		};
		0F394BF222A61E6F002B1BA4 /* Release */ = {
			isa = XCBuildConfiguration;
			buildSettings = {
				ALWAYS_EMBED_SWIFT_STANDARD_LIBRARIES = YES;
				ASSETCATALOG_COMPILER_APPICON_NAME = AppIcon;
				CODE_SIGN_ENTITLEMENTS = "uBlock Origin/uBlock_Origin.entitlements";
				CODE_SIGN_STYLE = Automatic;
				COMBINE_HIDPI_IMAGES = YES;
				DEVELOPMENT_TEAM = JN3J9W4VNK;
				ENABLE_HARDENED_RUNTIME = YES;
				INFOPLIST_FILE = "uBlock Origin/Info.plist";
				LD_RUNPATH_SEARCH_PATHS = (
					"$(inherited)",
					"@executable_path/../Frameworks",
				);
				PRODUCT_BUNDLE_IDENTIFIER = "com.jasperswallen.uBlock-Origin";
				PRODUCT_NAME = "$(TARGET_NAME)";
				SWIFT_VERSION = 5.0;
			};
			name = Release;
		};
/* End XCBuildConfiguration section */

/* Begin XCConfigurationList section */
		0F394BBD22A61E6D002B1BA4 /* Build configuration list for PBXProject "uBlock Origin" */ = {
			isa = XCConfigurationList;
			buildConfigurations = (
				0F394BEA22A61E6F002B1BA4 /* Debug */,
				0F394BEB22A61E6F002B1BA4 /* Release */,
			);
			defaultConfigurationIsVisible = 0;
			defaultConfigurationName = Release;
		};
		0F394BEC22A61E6F002B1BA4 /* Build configuration list for PBXNativeTarget "uBlock Origin Extension" */ = {
			isa = XCConfigurationList;
			buildConfigurations = (
				0F394BED22A61E6F002B1BA4 /* Debug */,
				0F394BEE22A61E6F002B1BA4 /* Release */,
			);
			defaultConfigurationIsVisible = 0;
			defaultConfigurationName = Release;
		};
		0F394BF022A61E6F002B1BA4 /* Build configuration list for PBXNativeTarget "uBlock Origin" */ = {
			isa = XCConfigurationList;
			buildConfigurations = (
				0F394BF122A61E6F002B1BA4 /* Debug */,
				0F394BF222A61E6F002B1BA4 /* Release */,
			);
			defaultConfigurationIsVisible = 0;
			defaultConfigurationName = Release;
		};
/* End XCConfigurationList section */
	};
	rootObject = 0F394BBA22A61E6D002B1BA4 /* Project object */;
}
